
Microsoft Visual Studio Solution File, Format Version 12.00
# Visual Studio 15
VisualStudioVersion = 15.0.27004.2009
MinimumVisualStudioVersion = 10.0.40219.1
Project("{8BC9CEB8-8B4A-11D0-8D11-00A0C91BC942}") = "praktischekrypto_windows_vers", "praktischekrypto_windows_vers\praktischekrypto_windows_vers.vcxproj", "{B7F782F3-40AF-42E0-8CFD-AC811661E9F6}"
EndProject
Global
	GlobalSection(SolutionConfigurationPlatforms) = preSolution
		Debug|x64 = Debug|x64
		Debug|x86 = Debug|x86
		Release|x64 = Release|x64
		Release|x86 = Release|x86
	EndGlobalSection
	GlobalSection(ProjectConfigurationPlatforms) = postSolution
		{B7F782F3-40AF-42E0-8CFD-AC811661E9F6}.Debug|x64.ActiveCfg = Debug|x64
		{B7F782F3-40AF-42E0-8CFD-AC811661E9F6}.Debug|x64.Build.0 = Debug|x64
		{B7F782F3-40AF-42E0-8CFD-AC811661E9F6}.Debug|x86.ActiveCfg = Debug|Win32
		{B7F782F3-40AF-42E0-8CFD-AC811661E9F6}.Debug|x86.Build.0 = Debug|Win32
		{B7F782F3-40AF-42E0-8CFD-AC811661E9F6}.Release|x64.ActiveCfg = Release|x64
		{B7F782F3-40AF-42E0-8CFD-AC811661E9F6}.Release|x64.Build.0 = Release|x64
		{B7F782F3-40AF-42E0-8CFD-AC811661E9F6}.Release|x86.ActiveCfg = Release|Win32
		{B7F782F3-40AF-42E0-8CFD-AC811661E9F6}.Release|x86.Build.0 = Release|Win32
	EndGlobalSection
	GlobalSection(SolutionProperties) = preSolution
		HideSolutionNode = FALSE
	EndGlobalSection
	GlobalSection(ExtensibilityGlobals) = postSolution
		SolutionGuid = {BF166E29-954A-4ECE-AAD7-B794430E1B73}
	EndGlobalSection
EndGlobal
